
Microsoft Visual Studio Solution File, Format Version 12.00
# Visual Studio Version 17
VisualStudioVersion = 17.7.34221.43
MinimumVisualStudioVersion = 10.0.40219.1
Project("{D954291E-2A0B-460D-934E-DC6B0785DB48}") = "STU Auto Miner Variables", "STU Auto Miner Variables.shproj", "{61EBA249-19F3-48B6-A25B-A4CEE90168BA}"
EndProject
Global
	GlobalSection(SolutionProperties) = preSolution
		HideSolutionNode = FALSE
	EndGlobalSection
	GlobalSection(ExtensibilityGlobals) = postSolution
		SolutionGuid = {01C641DC-7335-4A78-91AA-6B42D3F55756}
	EndGlobalSection
	GlobalSection(SharedMSBuildProjectFiles) = preSolution
		STU_Auto_Miner_Variables.projitems*{61eba249-19f3-48b6-a25b-a4cee90168ba}*SharedItemsImports = 13
	EndGlobalSection
EndGlobal
