
Microsoft Visual Studio Solution File, Format Version 12.00
# Visual Studio Version 17
VisualStudioVersion = 17.7.34221.43
MinimumVisualStudioVersion = 10.0.40219.1
Project("{D954291E-2A0B-460D-934E-DC6B0785DB48}") = "STU Log", "STU Log.shproj", "{6EE22094-1878-45BC-805C-D32278F9C704}"
EndProject
Global
	GlobalSection(SolutionProperties) = preSolution
		HideSolutionNode = FALSE
	EndGlobalSection
	GlobalSection(ExtensibilityGlobals) = postSolution
		SolutionGuid = {B03A557F-080E-4F82-BCCF-B2013990A3EF}
	EndGlobalSection
	GlobalSection(SharedMSBuildProjectFiles) = preSolution
		STU_Log.projitems*{6ee22094-1878-45bc-805c-d32278f9c704}*SharedItemsImports = 13
	EndGlobalSection
EndGlobal
