
Microsoft Visual Studio Solution File, Format Version 12.00
# Visual Studio Version 17
VisualStudioVersion = 17.14.36127.28 d17.14
MinimumVisualStudioVersion = 10.0.40219.1
Project("{D954291E-2A0B-460D-934E-DC6B0785DB48}") = "STU Transformation Utils", "STU Transformation Utils.shproj", "{61EBA249-19F3-48B6-A25B-A4CEE90168BA}"
EndProject
Global
	GlobalSection(SolutionProperties) = preSolution
		HideSolutionNode = FALSE
	EndGlobalSection
	GlobalSection(ExtensibilityGlobals) = postSolution
		SolutionGuid = {9DC24316-2501-406C-8AB8-43A4B9D485F2}
	EndGlobalSection
	GlobalSection(SharedMSBuildProjectFiles) = preSolution
		STU_Transformation_Utils.projitems*{61eba249-19f3-48b6-a25b-a4cee90168ba}*SharedItemsImports = 13
	EndGlobalSection
EndGlobal
