
Microsoft Visual Studio Solution File, Format Version 12.00
# Visual Studio Version 17
VisualStudioVersion = 17.13.35919.96 d17.13
MinimumVisualStudioVersion = 10.0.40219.1
Project("{FAE04EC0-301F-11D3-BF4B-00C04F79EFBC}") = "Stinger", "Stinger.csproj", "{D72BBADB-7461-450E-9E93-7C250111149B}"
EndProject
Project("{D954291E-2A0B-460D-934E-DC6B0785DB48}") = "STU Flight Controller", "..\..\Mixins\Flight\STU Flight Controller\STU Flight Controller.shproj", "{C606C84C-C957-4859-BE77-23907A2B1B72}"
EndProject
Project("{D954291E-2A0B-460D-934E-DC6B0785DB48}") = "STU Galactic Map", "..\..\Mixins\Flight\STU Galactic Map\STU Galactic Map.shproj", "{83207D78-9012-4EA3-AC3F-5FEA6193E59A}"
EndProject
Project("{D954291E-2A0B-460D-934E-DC6B0785DB48}") = "STU Display", "..\..\Mixins\Displays\STU Display\STU Display.shproj", "{57B50592-7BEB-4012-A879-DEF8C4C735F0}"
EndProject
Project("{D954291E-2A0B-460D-934E-DC6B0785DB48}") = "STU Display Draw Mapper", "..\..\Mixins\Displays\STU Display Draw Mapper\STU Display Draw Mapper.shproj", "{23E2D3A8-97CD-4E45-889C-1798F06F4240}"
EndProject
Project("{D954291E-2A0B-460D-934E-DC6B0785DB48}") = "STU Display Type", "..\..\Mixins\Displays\STU Display Type\STU Display Type.shproj", "{A2C2A7B0-3894-43F4-8EB5-71BFC87BE730}"
EndProject
Project("{D954291E-2A0B-460D-934E-DC6B0785DB48}") = "STU Master Log Broadcaster", "..\..\Mixins\Logging\STU Master Log Broadcaster\STU Master Log Broadcaster.shproj", "{4CAC373A-9512-4083-B2F8-27AB57997CC4}"
EndProject
Project("{D954291E-2A0B-460D-934E-DC6B0785DB48}") = "STU Log", "..\..\Mixins\Logging\STU Log\STU Log.shproj", "{6EE22094-1878-45BC-805C-D32278F9C704}"
EndProject
Project("{D954291E-2A0B-460D-934E-DC6B0785DB48}") = "STUInventoryEnumerator", "..\..\Mixins\Misc\STU Inventory Enumerator\STUInventoryEnumerator.shproj", "{9543D945-4F12-4CD2-9B70-938AE33C98C7}"
EndProject
Project("{D954291E-2A0B-460D-934E-DC6B0785DB48}") = "STU State Machine", "..\..\Mixins\Misc\STU State Machine\STU State Machine.shproj", "{4FB19E00-BD67-4421-AD35-D02F6C4C181B}"
EndProject
Global
	GlobalSection(SolutionConfigurationPlatforms) = preSolution
		Debug|x64 = Debug|x64
		Release|x64 = Release|x64
	EndGlobalSection
	GlobalSection(ProjectConfigurationPlatforms) = postSolution
		{D72BBADB-7461-450E-9E93-7C250111149B}.Debug|x64.ActiveCfg = Debug|x64
		{D72BBADB-7461-450E-9E93-7C250111149B}.Debug|x64.Build.0 = Debug|x64
		{D72BBADB-7461-450E-9E93-7C250111149B}.Release|x64.ActiveCfg = Release|x64
		{D72BBADB-7461-450E-9E93-7C250111149B}.Release|x64.Build.0 = Release|x64
	EndGlobalSection
	GlobalSection(SolutionProperties) = preSolution
		HideSolutionNode = FALSE
	EndGlobalSection
	GlobalSection(ExtensibilityGlobals) = postSolution
		SolutionGuid = {9AA111C1-3EE9-432B-B04F-B71323CFF986}
	EndGlobalSection
	GlobalSection(SharedMSBuildProjectFiles) = preSolution
		..\..\Mixins\Displays\STU Display Draw Mapper\STU_Display_Draw_Mapper.projitems*{23e2d3a8-97cd-4e45-889c-1798f06f4240}*SharedItemsImports = 13
		..\..\Mixins\Logging\STU Master Log Broadcaster\STU_Master_Log_Broadcaster.projitems*{4cac373a-9512-4083-b2f8-27ab57997cc4}*SharedItemsImports = 13
		..\..\Mixins\Misc\STU State Machine\STU_State_Machine.projitems*{4fb19e00-bd67-4421-ad35-d02f6c4c181b}*SharedItemsImports = 13
		..\..\Mixins\Displays\STU Display\STU_Display.projitems*{57b50592-7beb-4012-a879-def8c4c735f0}*SharedItemsImports = 13
		..\..\Mixins\Logging\STU Log\STU_Log.projitems*{6ee22094-1878-45bc-805c-d32278f9c704}*SharedItemsImports = 13
		..\..\Mixins\Flight\STU Galactic Map\STU_Galactic_Map.projitems*{83207d78-9012-4ea3-ac3f-5fea6193e59a}*SharedItemsImports = 13
		..\..\Mixins\Misc\STU Inventory Enumerator\STUInventoryEnumerator.projitems*{9543d945-4f12-4cd2-9b70-938ae33c98c7}*SharedItemsImports = 13
		..\..\Mixins\Displays\STU Display Type\STU_Display_Type.projitems*{a2c2a7b0-3894-43f4-8eb5-71bfc87be730}*SharedItemsImports = 13
		..\..\Mixins\Flight\STU Flight Controller\STU_Flight_Controller.projitems*{c606c84c-c957-4859-be77-23907a2b1b72}*SharedItemsImports = 13
		..\..\Mixins\Displays\STU Display Draw Mapper\STU_Display_Draw_Mapper.projitems*{d72bbadb-7461-450e-9e93-7c250111149b}*SharedItemsImports = 5
		..\..\Mixins\Displays\STU Display Type\STU_Display_Type.projitems*{d72bbadb-7461-450e-9e93-7c250111149b}*SharedItemsImports = 5
		..\..\Mixins\Displays\STU Display\STU_Display.projitems*{d72bbadb-7461-450e-9e93-7c250111149b}*SharedItemsImports = 5
		..\..\Mixins\Flight\STU Flight Controller\STU_Flight_Controller.projitems*{d72bbadb-7461-450e-9e93-7c250111149b}*SharedItemsImports = 5
		..\..\Mixins\Flight\STU Galactic Map\STU_Galactic_Map.projitems*{d72bbadb-7461-450e-9e93-7c250111149b}*SharedItemsImports = 5
		..\..\Mixins\Logging\STU Log\STU_Log.projitems*{d72bbadb-7461-450e-9e93-7c250111149b}*SharedItemsImports = 5
		..\..\Mixins\Logging\STU Master Log Broadcaster\STU_Master_Log_Broadcaster.projitems*{d72bbadb-7461-450e-9e93-7c250111149b}*SharedItemsImports = 5
		..\..\Mixins\Misc\STU Inventory Enumerator\STUInventoryEnumerator.projitems*{d72bbadb-7461-450e-9e93-7c250111149b}*SharedItemsImports = 5
		..\..\Mixins\Misc\STU State Machine\STU_State_Machine.projitems*{d72bbadb-7461-450e-9e93-7c250111149b}*SharedItemsImports = 5
	EndGlobalSection
EndGlobal
