
Microsoft Visual Studio Solution File, Format Version 12.00
# Visual Studio Version 17
VisualStudioVersion = 17.7.34221.43
MinimumVisualStudioVersion = 10.0.40219.1
Project("{D954291E-2A0B-460D-934E-DC6B0785DB48}") = "STUInventoryEnumerator", "STUInventoryEnumerator.shproj", "{9543D945-4F12-4CD2-9B70-938AE33C98C7}"
EndProject
Global
	GlobalSection(SolutionProperties) = preSolution
		HideSolutionNode = FALSE
	EndGlobalSection
	GlobalSection(ExtensibilityGlobals) = postSolution
		SolutionGuid = {B699E28F-6801-4B30-9873-7E709C413139}
	EndGlobalSection
	GlobalSection(SharedMSBuildProjectFiles) = preSolution
		STUInventoryEnumerator.projitems*{9543d945-4f12-4cd2-9b70-938ae33c98c7}*SharedItemsImports = 13
	EndGlobalSection
EndGlobal
