
Microsoft Visual Studio Solution File, Format Version 12.00
# Visual Studio Version 17
VisualStudioVersion = 17.7.34221.43
MinimumVisualStudioVersion = 10.0.40219.1
Project("{D954291E-2A0B-460D-934E-DC6B0785DB48}") = "STU Galactic Map", "STU Galactic Map.shproj", "{83207D78-9012-4EA3-AC3F-5FEA6193E59A}"
EndProject
Global
	GlobalSection(SolutionProperties) = preSolution
		HideSolutionNode = FALSE
	EndGlobalSection
	GlobalSection(ExtensibilityGlobals) = postSolution
		SolutionGuid = {37DE7DF8-1641-4AD4-B60E-C0A5B0F51DA7}
	EndGlobalSection
	GlobalSection(SharedMSBuildProjectFiles) = preSolution
		STU_Galactic_Map.projitems*{83207d78-9012-4ea3-ac3f-5fea6193e59a}*SharedItemsImports = 13
	EndGlobalSection
EndGlobal
