
Microsoft Visual Studio Solution File, Format Version 12.00
# Visual Studio Version 17
VisualStudioVersion = 17.14.36127.28
MinimumVisualStudioVersion = 10.0.40219.1
Project("{FAE04EC0-301F-11D3-BF4B-00C04F79EFBC}") = "STU Database", "STU Database.csproj", "{FF587230-5E34-426B-A083-FC94B064410B}"
EndProject
Project("{D954291E-2A0B-460D-934E-DC6B0785DB48}") = "STU Master Log Broadcaster", "..\..\Mixins\Logging\STU Master Log Broadcaster\STU Master Log Broadcaster.shproj", "{4CAC373A-9512-4083-B2F8-27AB57997CC4}"
EndProject
Project("{D954291E-2A0B-460D-934E-DC6B0785DB48}") = "STULog", "..\..\Mixins\Logging\STULog\STULog.shproj", "{1EBA5AFF-373F-4112-BEE3-15B74121539E}"
EndProject
Project("{D954291E-2A0B-460D-934E-DC6B0785DB48}") = "STU DatabaseWriter", "..\..\Mixins\Logging\STU DatabaseWriter\STU DatabaseWriter.shproj", "{0E8D45C1-8B73-49C1-A12C-4BD4DFFF1BF0}"
EndProject
Project("{FAE04EC0-301F-11D3-BF4B-00C04F79EFBC}") = "STU DatabaseTestBench", "..\STU DatabaseTestBench\STU DatabaseTestBench.csproj", "{12984524-0DA3-CFFE-E6A1-72074995375A}"
EndProject
Global
	GlobalSection(SolutionConfigurationPlatforms) = preSolution
		Debug|x64 = Debug|x64
		Release|x64 = Release|x64
	EndGlobalSection
	GlobalSection(ProjectConfigurationPlatforms) = postSolution
		{FF587230-5E34-426B-A083-FC94B064410B}.Debug|x64.ActiveCfg = Debug|x64
		{FF587230-5E34-426B-A083-FC94B064410B}.Debug|x64.Build.0 = Debug|x64
		{FF587230-5E34-426B-A083-FC94B064410B}.Release|x64.ActiveCfg = Release|x64
		{FF587230-5E34-426B-A083-FC94B064410B}.Release|x64.Build.0 = Release|x64
		{12984524-0DA3-CFFE-E6A1-72074995375A}.Debug|x64.ActiveCfg = Debug|x64
		{12984524-0DA3-CFFE-E6A1-72074995375A}.Debug|x64.Build.0 = Debug|x64
		{12984524-0DA3-CFFE-E6A1-72074995375A}.Release|x64.ActiveCfg = Release|x64
		{12984524-0DA3-CFFE-E6A1-72074995375A}.Release|x64.Build.0 = Release|x64
	EndGlobalSection
	GlobalSection(SolutionProperties) = preSolution
		HideSolutionNode = FALSE
	EndGlobalSection
	GlobalSection(ExtensibilityGlobals) = postSolution
		SolutionGuid = {57CB7592-2457-4DF9-80E8-CA70A040DF8D}
	EndGlobalSection
	GlobalSection(SharedMSBuildProjectFiles) = preSolution
		..\..\Mixins\Logging\STU DatabaseWriter\STU_DatabaseWriter.projitems*{0e8d45c1-8b73-49c1-a12c-4bd4dfff1bf0}*SharedItemsImports = 13
		..\..\Mixins\Logging\STU DatabaseWriter\STU_DatabaseWriter.projitems*{12984524-0da3-cffe-e6a1-72074995375a}*SharedItemsImports = 5
		..\..\Mixins\Logging\STULog\STULog.projitems*{12984524-0da3-cffe-e6a1-72074995375a}*SharedItemsImports = 5
		..\..\Mixins\Logging\STULog\STULog.projitems*{1eba5aff-373f-4112-bee3-15b74121539e}*SharedItemsImports = 13
		..\..\Mixins\Logging\STU Master Log Broadcaster\STU_Master_Log_Broadcaster.projitems*{4cac373a-9512-4083-b2f8-27ab57997cc4}*SharedItemsImports = 13
		..\..\Mixins\Logging\STU DatabaseWriter\STU_DatabaseWriter.projitems*{ff587230-5e34-426b-a083-fc94b064410b}*SharedItemsImports = 5
		..\..\Mixins\Logging\STU Master Log Broadcaster\STU_Master_Log_Broadcaster.projitems*{ff587230-5e34-426b-a083-fc94b064410b}*SharedItemsImports = 5
		..\..\Mixins\Logging\STULog\STULog.projitems*{ff587230-5e34-426b-a083-fc94b064410b}*SharedItemsImports = 5
	EndGlobalSection
EndGlobal
